
Microsoft Visual Studio Solution File, Format Version 12.00
# Visual Studio Version 17
VisualStudioVersion = 17.1.32414.318
MinimumVisualStudioVersion = 10.0.40219.1
Project("{FAE04EC0-301F-11D3-BF4B-00C04F79EFBC}") = "PhanDuyTuyen_2018604695", "PhanDuyTuyen_2018604695\PhanDuyTuyen_2018604695.csproj", "{4CBBB072-CA1E-405F-988C-8FCD4EF15745}"
EndProject
Global
	GlobalSection(SolutionConfigurationPlatforms) = preSolution
		Debug|Any CPU = Debug|Any CPU
		Release|Any CPU = Release|Any CPU
	EndGlobalSection
	GlobalSection(ProjectConfigurationPlatforms) = postSolution
		{4CBBB072-CA1E-405F-988C-8FCD4EF15745}.Debug|Any CPU.ActiveCfg = Debug|Any CPU
		{4CBBB072-CA1E-405F-988C-8FCD4EF15745}.Debug|Any CPU.Build.0 = Debug|Any CPU
		{4CBBB072-CA1E-405F-988C-8FCD4EF15745}.Release|Any CPU.ActiveCfg = Release|Any CPU
		{4CBBB072-CA1E-405F-988C-8FCD4EF15745}.Release|Any CPU.Build.0 = Release|Any CPU
	EndGlobalSection
	GlobalSection(SolutionProperties) = preSolution
		HideSolutionNode = FALSE
	EndGlobalSection
	GlobalSection(ExtensibilityGlobals) = postSolution
		SolutionGuid = {A8619464-6963-44B6-AD3A-484733ED3F44}
	EndGlobalSection
EndGlobal
